
Microsoft Visual Studio Solution File, Format Version 12.00
# Visual Studio Version 17
VisualStudioVersion = 17.0.32112.339
MinimumVisualStudioVersion = 10.0.40219.1
Project("{FAE04EC0-301F-11D3-BF4B-00C04F79EFBC}") = "swed32", "swed32\swed32.csproj", "{9A686628-286E-4799-BC3D-7C21D464DCC4}"
EndProject
Project("{FAE04EC0-301F-11D3-BF4B-00C04F79EFBC}") = "ConsoleApp1", "ConsoleApp1\ConsoleApp1.csproj", "{A26EAFDC-AAD6-4D36-A282-9E853260C7B1}"
EndProject
Global
	GlobalSection(SolutionConfigurationPlatforms) = preSolution
		Debug|Any CPU = Debug|Any CPU
		Release|Any CPU = Release|Any CPU
	EndGlobalSection
	GlobalSection(ProjectConfigurationPlatforms) = postSolution
		{9A686628-286E-4799-BC3D-7C21D464DCC4}.Debug|Any CPU.ActiveCfg = Debug|Any CPU
		{9A686628-286E-4799-BC3D-7C21D464DCC4}.Debug|Any CPU.Build.0 = Debug|Any CPU
		{9A686628-286E-4799-BC3D-7C21D464DCC4}.Release|Any CPU.ActiveCfg = Release|Any CPU
		{9A686628-286E-4799-BC3D-7C21D464DCC4}.Release|Any CPU.Build.0 = Release|Any CPU
		{A26EAFDC-AAD6-4D36-A282-9E853260C7B1}.Debug|Any CPU.ActiveCfg = Debug|Any CPU
		{A26EAFDC-AAD6-4D36-A282-9E853260C7B1}.Debug|Any CPU.Build.0 = Debug|Any CPU
		{A26EAFDC-AAD6-4D36-A282-9E853260C7B1}.Release|Any CPU.ActiveCfg = Release|Any CPU
		{A26EAFDC-AAD6-4D36-A282-9E853260C7B1}.Release|Any CPU.Build.0 = Release|Any CPU
	EndGlobalSection
	GlobalSection(SolutionProperties) = preSolution
		HideSolutionNode = FALSE
	EndGlobalSection
	GlobalSection(ExtensibilityGlobals) = postSolution
		SolutionGuid = {EC1BC0C0-C704-4D50-9A6D-0146AFCDFBEC}
	EndGlobalSection
EndGlobal
